// !$*UTF8*$!
{
	archiveVersion = 1;
	classes = {
	};
	objectVersion = 56;
	objects = {

/* Begin PBXFileReference section */
		33596F5C2B26F17A00348EEA /* flower.png */ = {isa = PBXFileReference; lastKnownFileType = image.png; path = flower.png; sourceTree = "<group>"; };
		33596F5D2B275B5C00348EEA /* people.svg */ = {isa = PBXFileReference; lastKnownFileType = text.xml; path = people.svg; sourceTree = "<group>"; };
		33D2287C2B26A94500A70A69 /* github_w.svg */ = {isa = PBXFileReference; lastKnownFileType = text; path = github_w.svg; sourceTree = "<group>"; };
		33D2287D2B26A94500A70A69 /* github.svg */ = {isa = PBXFileReference; lastKnownFileType = text; path = github.svg; sourceTree = "<group>"; };
		33D2287E2B26A94500A70A69 /* twitter_w.svg */ = {isa = PBXFileReference; lastKnownFileType = text.xml; path = twitter_w.svg; sourceTree = "<group>"; };
		33D2287F2B26A94500A70A69 /* mastodon.svg */ = {isa = PBXFileReference; lastKnownFileType = text.xml; path = mastodon.svg; sourceTree = "<group>"; };
		33D228802B26A94500A70A69 /* mastodon_w.svg */ = {isa = PBXFileReference; lastKnownFileType = text.xml; path = mastodon_w.svg; sourceTree = "<group>"; };
		33D228812B26A94500A70A69 /* twitter.svg */ = {isa = PBXFileReference; lastKnownFileType = text.xml; path = twitter.svg; sourceTree = "<group>"; };
		33D228842B26A94500A70A69 /* palera1n.png */ = {isa = PBXFileReference; lastKnownFileType = image.png; path = palera1n.png; sourceTree = "<group>"; };
		33D228852B26A94500A70A69 /* unknown.png */ = {isa = PBXFileReference; lastKnownFileType = image.png; path = unknown.png; sourceTree = "<group>"; };
		33D228862B26A94500A70A69 /* bakera1n.png */ = {isa = PBXFileReference; lastKnownFileType = image.png; path = bakera1n.png; sourceTree = "<group>"; };
		33D228872B26A94500A70A69 /* kok3shi9.png */ = {isa = PBXFileReference; lastKnownFileType = image.png; path = kok3shi9.png; sourceTree = "<group>"; };
		33D2288A2B26A94500A70A69 /* index.html */ = {isa = PBXFileReference; lastKnownFileType = text.html; name = index.html; path = ../index.html; sourceTree = "<group>"; };
		33D2288B2B26A94500A70A69 /* index.css */ = {isa = PBXFileReference; lastKnownFileType = text.css; name = index.css; path = ../index.css; sourceTree = "<group>"; };
/* End PBXFileReference section */

/* Begin PBXGroup section */
		33D228742B26A92800A70A69 = {
			isa = PBXGroup;
			children = (
				33D2288B2B26A94500A70A69 /* index.css */,
				33D2288A2B26A94500A70A69 /* index.html */,
				33D228832B26A94500A70A69 /* img */,
				33D2287B2B26A94500A70A69 /* svg */,
			);
			sourceTree = "<group>";
		};
		33D2287B2B26A94500A70A69 /* svg */ = {
			isa = PBXGroup;
			children = (
				33D2287C2B26A94500A70A69 /* github_w.svg */,
				33D2287D2B26A94500A70A69 /* github.svg */,
				33D2287E2B26A94500A70A69 /* twitter_w.svg */,
				33D2287F2B26A94500A70A69 /* mastodon.svg */,
				33D228802B26A94500A70A69 /* mastodon_w.svg */,
				33D228812B26A94500A70A69 /* twitter.svg */,
				33596F5D2B275B5C00348EEA /* people.svg */,
			);
			name = svg;
			path = ../svg;
			sourceTree = "<group>";
		};
		33D228832B26A94500A70A69 /* img */ = {
			isa = PBXGroup;
			children = (
				33596F5C2B26F17A00348EEA /* flower.png */,
				33D228842B26A94500A70A69 /* palera1n.png */,
				33D228852B26A94500A70A69 /* unknown.png */,
				33D228862B26A94500A70A69 /* bakera1n.png */,
				33D228872B26A94500A70A69 /* kok3shi9.png */,
			);
			name = img;
			path = ../img;
			sourceTree = "<group>";
		};
/* End PBXGroup section */

/* Begin PBXProject section */
		33D228752B26A92800A70A69 /* Project object */ = {
			isa = PBXProject;
			attributes = {
				BuildIndependentTargetsInParallel = 1;
				LastUpgradeCheck = 1500;
			};
			buildConfigurationList = 33D228782B26A92800A70A69 /* Build configuration list for PBXProject "website" */;
			compatibilityVersion = "Xcode 14.0";
			developmentRegion = en;
			hasScannedForEncodings = 0;
			knownRegions = (
				en,
				Base,
			);
			mainGroup = 33D228742B26A92800A70A69;
			projectDirPath = "";
			projectRoot = "";
			targets = (
			);
		};
/* End PBXProject section */

/* Begin XCBuildConfiguration section */
		33D228792B26A92800A70A69 /* Debug */ = {
			isa = XCBuildConfiguration;
			buildSettings = {
			};
			name = Debug;
		};
		33D2287A2B26A92800A70A69 /* Release */ = {
			isa = XCBuildConfiguration;
			buildSettings = {
			};
			name = Release;
		};
/* End XCBuildConfiguration section */

/* Begin XCConfigurationList section */
		33D228782B26A92800A70A69 /* Build configuration list for PBXProject "website" */ = {
			isa = XCConfigurationList;
			buildConfigurations = (
				33D228792B26A92800A70A69 /* Debug */,
				33D2287A2B26A92800A70A69 /* Release */,
			);
			defaultConfigurationIsVisible = 0;
			defaultConfigurationName = Release;
		};
/* End XCConfigurationList section */
	};
	rootObject = 33D228752B26A92800A70A69 /* Project object */;
}
